
Microsoft Visual Studio Solution File, Format Version 12.00
# Visual Studio Version 17
VisualStudioVersion = 17.7.34202.233
MinimumVisualStudioVersion = 10.0.40219.1
Project("{9A19103F-16F7-4668-BE54-9A1E7A4F7556}") = "Swappy.Server", "Swappy\Server\Swappy.Server.csproj", "{6990850F-B26E-4536-AF26-71D7E7ED579B}"
EndProject
Project("{9A19103F-16F7-4668-BE54-9A1E7A4F7556}") = "Swappy.Client", "Swappy\Client\Swappy.Client.csproj", "{D1A7AE50-0196-4240-8D8D-2CDA57A4ADBF}"
EndProject
Project("{9A19103F-16F7-4668-BE54-9A1E7A4F7556}") = "Swappy.Shared", "Swappy\Shared\Swappy.Shared.csproj", "{5D30A4BB-2904-4E04-A2E7-809913BADAD3}"
EndProject
Global
	GlobalSection(SolutionConfigurationPlatforms) = preSolution
		Debug|Any CPU = Debug|Any CPU
		Release|Any CPU = Release|Any CPU
	EndGlobalSection
	GlobalSection(ProjectConfigurationPlatforms) = postSolution
		{6990850F-B26E-4536-AF26-71D7E7ED579B}.Debug|Any CPU.ActiveCfg = Debug|Any CPU
		{6990850F-B26E-4536-AF26-71D7E7ED579B}.Debug|Any CPU.Build.0 = Debug|Any CPU
		{6990850F-B26E-4536-AF26-71D7E7ED579B}.Release|Any CPU.ActiveCfg = Release|Any CPU
		{6990850F-B26E-4536-AF26-71D7E7ED579B}.Release|Any CPU.Build.0 = Release|Any CPU
		{D1A7AE50-0196-4240-8D8D-2CDA57A4ADBF}.Debug|Any CPU.ActiveCfg = Debug|Any CPU
		{D1A7AE50-0196-4240-8D8D-2CDA57A4ADBF}.Debug|Any CPU.Build.0 = Debug|Any CPU
		{D1A7AE50-0196-4240-8D8D-2CDA57A4ADBF}.Release|Any CPU.ActiveCfg = Release|Any CPU
		{D1A7AE50-0196-4240-8D8D-2CDA57A4ADBF}.Release|Any CPU.Build.0 = Release|Any CPU
		{5D30A4BB-2904-4E04-A2E7-809913BADAD3}.Debug|Any CPU.ActiveCfg = Debug|Any CPU
		{5D30A4BB-2904-4E04-A2E7-809913BADAD3}.Debug|Any CPU.Build.0 = Debug|Any CPU
		{5D30A4BB-2904-4E04-A2E7-809913BADAD3}.Release|Any CPU.ActiveCfg = Release|Any CPU
		{5D30A4BB-2904-4E04-A2E7-809913BADAD3}.Release|Any CPU.Build.0 = Release|Any CPU
	EndGlobalSection
	GlobalSection(SolutionProperties) = preSolution
		HideSolutionNode = FALSE
	EndGlobalSection
	GlobalSection(ExtensibilityGlobals) = postSolution
		SolutionGuid = {DC1F9C57-16B7-4381-A767-67D5769B4823}
	EndGlobalSection
EndGlobal
